
Microsoft Visual Studio Solution File, Format Version 12.00
# Visual Studio 15
VisualStudioVersion = 15.0.28307.168
MinimumVisualStudioVersion = 10.0.40219.1
Project("{FAE04EC0-301F-11D3-BF4B-00C04F79EFBC}") = "MvcAuthorization", "MvcAuthorization\MvcAuthorization.csproj", "{31BD8D16-7124-4A69-BA98-8F9CF930E997}"
EndProject
Project("{9A19103F-16F7-4668-BE54-9A1E7A4F7556}") = "RazorPagesAuthorization", "RazorPagesAuthorization\RazorPagesAuthorization.csproj", "{B61C3189-376F-4D3C-82B1-378041EB0911}"
EndProject
Project("{FAE04EC0-301F-11D3-BF4B-00C04F79EFBC}") = "RazorPagesSimpleAuthorization", "RazorPagesSimpleAuthorization\RazorPagesSimpleAuthorization.csproj", "{64F6EF64-4162-4542-91CF-2394906ED43F}"
EndProject
Global
	GlobalSection(SolutionConfigurationPlatforms) = preSolution
		Debug|Any CPU = Debug|Any CPU
		Release|Any CPU = Release|Any CPU
	EndGlobalSection
	GlobalSection(ProjectConfigurationPlatforms) = postSolution
		{31BD8D16-7124-4A69-BA98-8F9CF930E997}.Debug|Any CPU.ActiveCfg = Debug|Any CPU
		{31BD8D16-7124-4A69-BA98-8F9CF930E997}.Debug|Any CPU.Build.0 = Debug|Any CPU
		{31BD8D16-7124-4A69-BA98-8F9CF930E997}.Release|Any CPU.ActiveCfg = Release|Any CPU
		{31BD8D16-7124-4A69-BA98-8F9CF930E997}.Release|Any CPU.Build.0 = Release|Any CPU
		{B61C3189-376F-4D3C-82B1-378041EB0911}.Debug|Any CPU.ActiveCfg = Debug|Any CPU
		{B61C3189-376F-4D3C-82B1-378041EB0911}.Debug|Any CPU.Build.0 = Debug|Any CPU
		{B61C3189-376F-4D3C-82B1-378041EB0911}.Release|Any CPU.ActiveCfg = Release|Any CPU
		{B61C3189-376F-4D3C-82B1-378041EB0911}.Release|Any CPU.Build.0 = Release|Any CPU
		{64F6EF64-4162-4542-91CF-2394906ED43F}.Debug|Any CPU.ActiveCfg = Debug|Any CPU
		{64F6EF64-4162-4542-91CF-2394906ED43F}.Debug|Any CPU.Build.0 = Debug|Any CPU
		{64F6EF64-4162-4542-91CF-2394906ED43F}.Release|Any CPU.ActiveCfg = Release|Any CPU
		{64F6EF64-4162-4542-91CF-2394906ED43F}.Release|Any CPU.Build.0 = Release|Any CPU
	EndGlobalSection
	GlobalSection(SolutionProperties) = preSolution
		HideSolutionNode = FALSE
	EndGlobalSection
	GlobalSection(ExtensibilityGlobals) = postSolution
		SolutionGuid = {539FDB3A-3238-453E-8EA5-4D57CA315FF3}
	EndGlobalSection
EndGlobal
